// !$*UTF8*$!
{
	archiveVersion = 1;
	classes = {
	};
	objectVersion = 50;
	objects = {

/* Begin PBXBuildFile section */
		585DB52F24E98FD800AC16F0 /* Item.swift in Sources */ = {isa = PBXBuildFile; fileRef = 585DB52E24E98FD800AC16F0 /* Item.swift */; };
		588B169124E518D6009943CE /* AppDelegate.swift in Sources */ = {isa = PBXBuildFile; fileRef = 588B169024E518D6009943CE /* AppDelegate.swift */; };
		588B169324E518D6009943CE /* ToDoListViewController.swift in Sources */ = {isa = PBXBuildFile; fileRef = 588B169224E518D6009943CE /* ToDoListViewController.swift */; };
		588B169624E518D6009943CE /* Main.storyboard in Resources */ = {isa = PBXBuildFile; fileRef = 588B169424E518D6009943CE /* Main.storyboard */; };
		588B169824E518DB009943CE /* Assets.xcassets in Resources */ = {isa = PBXBuildFile; fileRef = 588B169724E518DB009943CE /* Assets.xcassets */; };
		588B169B24E518DB009943CE /* LaunchScreen.storyboard in Resources */ = {isa = PBXBuildFile; fileRef = 588B169924E518DB009943CE /* LaunchScreen.storyboard */; };
/* End PBXBuildFile section */

/* Begin PBXFileReference section */
		585DB52E24E98FD800AC16F0 /* Item.swift */ = {isa = PBXFileReference; lastKnownFileType = sourcecode.swift; path = Item.swift; sourceTree = "<group>"; };
		588B168D24E518D6009943CE /* TODOEY NEW.app */ = {isa = PBXFileReference; explicitFileType = wrapper.application; includeInIndex = 0; path = "TODOEY NEW.app"; sourceTree = BUILT_PRODUCTS_DIR; };
		588B169024E518D6009943CE /* AppDelegate.swift */ = {isa = PBXFileReference; lastKnownFileType = sourcecode.swift; path = AppDelegate.swift; sourceTree = "<group>"; };
		588B169224E518D6009943CE /* ToDoListViewController.swift */ = {isa = PBXFileReference; lastKnownFileType = sourcecode.swift; path = ToDoListViewController.swift; sourceTree = "<group>"; };
		588B169524E518D6009943CE /* Base */ = {isa = PBXFileReference; lastKnownFileType = file.storyboard; name = Base; path = Base.lproj/Main.storyboard; sourceTree = "<group>"; };
		588B169724E518DB009943CE /* Assets.xcassets */ = {isa = PBXFileReference; lastKnownFileType = folder.assetcatalog; path = Assets.xcassets; sourceTree = "<group>"; };
		588B169A24E518DB009943CE /* Base */ = {isa = PBXFileReference; lastKnownFileType = file.storyboard; name = Base; path = Base.lproj/LaunchScreen.storyboard; sourceTree = "<group>"; };
		588B169C24E518DB009943CE /* Info.plist */ = {isa = PBXFileReference; lastKnownFileType = text.plist.xml; path = Info.plist; sourceTree = "<group>"; };
/* End PBXFileReference section */

/* Begin PBXFrameworksBuildPhase section */
		588B168A24E518D6009943CE /* Frameworks */ = {
			isa = PBXFrameworksBuildPhase;
			buildActionMask = 2147483647;
			files = (
			);
			runOnlyForDeploymentPostprocessing = 0;
		};
/* End PBXFrameworksBuildPhase section */

/* Begin PBXGroup section */
		585DB53024E9904000AC16F0 /* Controllers */ = {
			isa = PBXGroup;
			children = (
				588B169224E518D6009943CE /* ToDoListViewController.swift */,
			);
			path = Controllers;
			sourceTree = "<group>";
		};
		585DB53124E9904F00AC16F0 /* Data Model */ = {
			isa = PBXGroup;
			children = (
				585DB52E24E98FD800AC16F0 /* Item.swift */,
			);
			path = "Data Model";
			sourceTree = "<group>";
		};
		585DB53224E9905C00AC16F0 /* Views */ = {
			isa = PBXGroup;
			children = (
				588B169424E518D6009943CE /* Main.storyboard */,
			);
			path = Views;
			sourceTree = "<group>";
		};
		585DB53324E9906B00AC16F0 /* Supporting files */ = {
			isa = PBXGroup;
			children = (
				588B169724E518DB009943CE /* Assets.xcassets */,
				588B169924E518DB009943CE /* LaunchScreen.storyboard */,
			);
			path = "Supporting files";
			sourceTree = "<group>";
		};
		588B168424E518D6009943CE = {
			isa = PBXGroup;
			children = (
				588B168F24E518D6009943CE /* TODOEY NEW */,
				588B168E24E518D6009943CE /* Products */,
			);
			sourceTree = "<group>";
		};
		588B168E24E518D6009943CE /* Products */ = {
			isa = PBXGroup;
			children = (
				588B168D24E518D6009943CE /* TODOEY NEW.app */,
			);
			name = Products;
			sourceTree = "<group>";
		};
		588B168F24E518D6009943CE /* TODOEY NEW */ = {
			isa = PBXGroup;
			children = (
				588B169024E518D6009943CE /* AppDelegate.swift */,
				585DB53024E9904000AC16F0 /* Controllers */,
				585DB53124E9904F00AC16F0 /* Data Model */,
				585DB53224E9905C00AC16F0 /* Views */,
				585DB53324E9906B00AC16F0 /* Supporting files */,
				588B169C24E518DB009943CE /* Info.plist */,
			);
			path = "TODOEY NEW";
			sourceTree = "<group>";
		};
/* End PBXGroup section */

/* Begin PBXNativeTarget section */
		588B168C24E518D6009943CE /* TODOEY NEW */ = {
			isa = PBXNativeTarget;
			buildConfigurationList = 588B169F24E518DB009943CE /* Build configuration list for PBXNativeTarget "TODOEY NEW" */;
			buildPhases = (
				588B168924E518D6009943CE /* Sources */,
				588B168A24E518D6009943CE /* Frameworks */,
				588B168B24E518D6009943CE /* Resources */,
			);
			buildRules = (
			);
			dependencies = (
			);
			name = "TODOEY NEW";
			productName = "TODOEY NEW";
			productReference = 588B168D24E518D6009943CE /* TODOEY NEW.app */;
			productType = "com.apple.product-type.application";
		};
/* End PBXNativeTarget section */

/* Begin PBXProject section */
		588B168524E518D6009943CE /* Project object */ = {
			isa = PBXProject;
			attributes = {
				LastSwiftUpdateCheck = 1000;
				LastUpgradeCheck = 1000;
				ORGANIZATIONNAME = "Nik Bhateja";
				TargetAttributes = {
					588B168C24E518D6009943CE = {
						CreatedOnToolsVersion = 10.0;
					};
				};
			};
			buildConfigurationList = 588B168824E518D6009943CE /* Build configuration list for PBXProject "TODOEY NEW" */;
			compatibilityVersion = "Xcode 9.3";
			developmentRegion = en;
			hasScannedForEncodings = 0;
			knownRegions = (
				en,
				Base,
			);
			mainGroup = 588B168424E518D6009943CE;
			productRefGroup = 588B168E24E518D6009943CE /* Products */;
			projectDirPath = "";
			projectRoot = "";
			targets = (
				588B168C24E518D6009943CE /* TODOEY NEW */,
			);
		};
/* End PBXProject section */

/* Begin PBXResourcesBuildPhase section */
		588B168B24E518D6009943CE /* Resources */ = {
			isa = PBXResourcesBuildPhase;
			buildActionMask = 2147483647;
			files = (
				588B169B24E518DB009943CE /* LaunchScreen.storyboard in Resources */,
				588B169824E518DB009943CE /* Assets.xcassets in Resources */,
				588B169624E518D6009943CE /* Main.storyboard in Resources */,
			);
			runOnlyForDeploymentPostprocessing = 0;
		};
/* End PBXResourcesBuildPhase section */

/* Begin PBXSourcesBuildPhase section */
		588B168924E518D6009943CE /* Sources */ = {
			isa = PBXSourcesBuildPhase;
			buildActionMask = 2147483647;
			files = (
				588B169324E518D6009943CE /* ToDoListViewController.swift in Sources */,
				585DB52F24E98FD800AC16F0 /* Item.swift in Sources */,
				588B169124E518D6009943CE /* AppDelegate.swift in Sources */,
			);
			runOnlyForDeploymentPostprocessing = 0;
		};
/* End PBXSourcesBuildPhase section */

/* Begin PBXVariantGroup section */
		588B169424E518D6009943CE /* Main.storyboard */ = {
			isa = PBXVariantGroup;
			children = (
				588B169524E518D6009943CE /* Base */,
			);
			name = Main.storyboard;
			sourceTree = "<group>";
		};
		588B169924E518DB009943CE /* LaunchScreen.storyboard */ = {
			isa = PBXVariantGroup;
			children = (
				588B169A24E518DB009943CE /* Base */,
			);
			name = LaunchScreen.storyboard;
			sourceTree = "<group>";
		};
/* End PBXVariantGroup section */

/* Begin XCBuildConfiguration section */
		588B169D24E518DB009943CE /* Debug */ = {
			isa = XCBuildConfiguration;
			buildSettings = {
				ALWAYS_SEARCH_USER_PATHS = NO;
				CLANG_ANALYZER_NONNULL = YES;
				CLANG_ANALYZER_NUMBER_OBJECT_CONVERSION = YES_AGGRESSIVE;
				CLANG_CXX_LANGUAGE_STANDARD = "gnu++14";
				CLANG_CXX_LIBRARY = "libc++";
				CLANG_ENABLE_MODULES = YES;
				CLANG_ENABLE_OBJC_ARC = YES;
				CLANG_ENABLE_OBJC_WEAK = YES;
				CLANG_WARN_BLOCK_CAPTURE_AUTORELEASING = YES;
				CLANG_WARN_BOOL_CONVERSION = YES;
				CLANG_WARN_COMMA = YES;
				CLANG_WARN_CONSTANT_CONVERSION = YES;
				CLANG_WARN_DEPRECATED_OBJC_IMPLEMENTATIONS = YES;
				CLANG_WARN_DIRECT_OBJC_ISA_USAGE = YES_ERROR;
				CLANG_WARN_DOCUMENTATION_COMMENTS = YES;
				CLANG_WARN_EMPTY_BODY = YES;
				CLANG_WARN_ENUM_CONVERSION = YES;
				CLANG_WARN_INFINITE_RECURSION = YES;
				CLANG_WARN_INT_CONVERSION = YES;
				CLANG_WARN_NON_LITERAL_NULL_CONVERSION = YES;
				CLANG_WARN_OBJC_IMPLICIT_RETAIN_SELF = YES;
				CLANG_WARN_OBJC_LITERAL_CONVERSION = YES;
				CLANG_WARN_OBJC_ROOT_CLASS = YES_ERROR;
				CLANG_WARN_RANGE_LOOP_ANALYSIS = YES;
				CLANG_WARN_STRICT_PROTOTYPES = YES;
				CLANG_WARN_SUSPICIOUS_MOVE = YES;
				CLANG_WARN_UNGUARDED_AVAILABILITY = YES_AGGRESSIVE;
				CLANG_WARN_UNREACHABLE_CODE = YES;
				CLANG_WARN__DUPLICATE_METHOD_MATCH = YES;
				CODE_SIGN_IDENTITY = "iPhone Developer";
				COPY_PHASE_STRIP = NO;
				DEBUG_INFORMATION_FORMAT = dwarf;
				ENABLE_STRICT_OBJC_MSGSEND = YES;
				ENABLE_TESTABILITY = YES;
				GCC_C_LANGUAGE_STANDARD = gnu11;
				GCC_DYNAMIC_NO_PIC = NO;
				GCC_NO_COMMON_BLOCKS = YES;
				GCC_OPTIMIZATION_LEVEL = 0;
				GCC_PREPROCESSOR_DEFINITIONS = (
					"DEBUG=1",
					"$(inherited)",
				);
				GCC_WARN_64_TO_32_BIT_CONVERSION = YES;
				GCC_WARN_ABOUT_RETURN_TYPE = YES_ERROR;
				GCC_WARN_UNDECLARED_SELECTOR = YES;
				GCC_WARN_UNINITIALIZED_AUTOS = YES_AGGRESSIVE;
				GCC_WARN_UNUSED_FUNCTION = YES;
				GCC_WARN_UNUSED_VARIABLE = YES;
				IPHONEOS_DEPLOYMENT_TARGET = 12.0;
				MTL_ENABLE_DEBUG_INFO = INCLUDE_SOURCE;
				MTL_FAST_MATH = YES;
				ONLY_ACTIVE_ARCH = YES;
				SDKROOT = iphoneos;
				SWIFT_ACTIVE_COMPILATION_CONDITIONS = DEBUG;
				SWIFT_OPTIMIZATION_LEVEL = "-Onone";
			};
			name = Debug;
		};
		588B169E24E518DB009943CE /* Release */ = {
			isa = XCBuildConfiguration;
			buildSettings = {
				ALWAYS_SEARCH_USER_PATHS = NO;
				CLANG_ANALYZER_NONNULL = YES;
				CLANG_ANALYZER_NUMBER_OBJECT_CONVERSION = YES_AGGRESSIVE;
				CLANG_CXX_LANGUAGE_STANDARD = "gnu++14";
				CLANG_CXX_LIBRARY = "libc++";
				CLANG_ENABLE_MODULES = YES;
				CLANG_ENABLE_OBJC_ARC = YES;
				CLANG_ENABLE_OBJC_WEAK = YES;
				CLANG_WARN_BLOCK_CAPTURE_AUTORELEASING = YES;
				CLANG_WARN_BOOL_CONVERSION = YES;
				CLANG_WARN_COMMA = YES;
				CLANG_WARN_CONSTANT_CONVERSION = YES;
				CLANG_WARN_DEPRECATED_OBJC_IMPLEMENTATIONS = YES;
				CLANG_WARN_DIRECT_OBJC_ISA_USAGE = YES_ERROR;
				CLANG_WARN_DOCUMENTATION_COMMENTS = YES;
				CLANG_WARN_EMPTY_BODY = YES;
				CLANG_WARN_ENUM_CONVERSION = YES;
				CLANG_WARN_INFINITE_RECURSION = YES;
				CLANG_WARN_INT_CONVERSION = YES;
				CLANG_WARN_NON_LITERAL_NULL_CONVERSION = YES;
				CLANG_WARN_OBJC_IMPLICIT_RETAIN_SELF = YES;
				CLANG_WARN_OBJC_LITERAL_CONVERSION = YES;
				CLANG_WARN_OBJC_ROOT_CLASS = YES_ERROR;
				CLANG_WARN_RANGE_LOOP_ANALYSIS = YES;
				CLANG_WARN_STRICT_PROTOTYPES = YES;
				CLANG_WARN_SUSPICIOUS_MOVE = YES;
				CLANG_WARN_UNGUARDED_AVAILABILITY = YES_AGGRESSIVE;
				CLANG_WARN_UNREACHABLE_CODE = YES;
				CLANG_WARN__DUPLICATE_METHOD_MATCH = YES;
				CODE_SIGN_IDENTITY = "iPhone Developer";
				COPY_PHASE_STRIP = NO;
				DEBUG_INFORMATION_FORMAT = "dwarf-with-dsym";
				ENABLE_NS_ASSERTIONS = NO;
				ENABLE_STRICT_OBJC_MSGSEND = YES;
				GCC_C_LANGUAGE_STANDARD = gnu11;
				GCC_NO_COMMON_BLOCKS = YES;
				GCC_WARN_64_TO_32_BIT_CONVERSION = YES;
				GCC_WARN_ABOUT_RETURN_TYPE = YES_ERROR;
				GCC_WARN_UNDECLARED_SELECTOR = YES;
				GCC_WARN_UNINITIALIZED_AUTOS = YES_AGGRESSIVE;
				GCC_WARN_UNUSED_FUNCTION = YES;
				GCC_WARN_UNUSED_VARIABLE = YES;
				IPHONEOS_DEPLOYMENT_TARGET = 12.0;
				MTL_ENABLE_DEBUG_INFO = NO;
				MTL_FAST_MATH = YES;
				SDKROOT = iphoneos;
				SWIFT_COMPILATION_MODE = wholemodule;
				SWIFT_OPTIMIZATION_LEVEL = "-O";
				VALIDATE_PRODUCT = YES;
			};
			name = Release;
		};
		588B16A024E518DB009943CE /* Debug */ = {
			isa = XCBuildConfiguration;
			buildSettings = {
				ASSETCATALOG_COMPILER_APPICON_NAME = AppIcon;
				CODE_SIGN_STYLE = Automatic;
				DEVELOPMENT_TEAM = DFJ92ZS92X;
				INFOPLIST_FILE = "TODOEY NEW/Info.plist";
				LD_RUNPATH_SEARCH_PATHS = (
					"$(inherited)",
					"@executable_path/Frameworks",
				);
				PRODUCT_BUNDLE_IDENTIFIER = "com.DevNikshitBhateja.TODOEY-NEW";
				PRODUCT_NAME = "$(TARGET_NAME)";
				SWIFT_VERSION = 4.2;
				TARGETED_DEVICE_FAMILY = "1,2";
			};
			name = Debug;
		};
		588B16A124E518DB009943CE /* Release */ = {
			isa = XCBuildConfiguration;
			buildSettings = {
				ASSETCATALOG_COMPILER_APPICON_NAME = AppIcon;
				CODE_SIGN_STYLE = Automatic;
				DEVELOPMENT_TEAM = DFJ92ZS92X;
				INFOPLIST_FILE = "TODOEY NEW/Info.plist";
				LD_RUNPATH_SEARCH_PATHS = (
					"$(inherited)",
					"@executable_path/Frameworks",
				);
				PRODUCT_BUNDLE_IDENTIFIER = "com.DevNikshitBhateja.TODOEY-NEW";
				PRODUCT_NAME = "$(TARGET_NAME)";
				SWIFT_VERSION = 4.2;
				TARGETED_DEVICE_FAMILY = "1,2";
			};
			name = Release;
		};
/* End XCBuildConfiguration section */

/* Begin XCConfigurationList section */
		588B168824E518D6009943CE /* Build configuration list for PBXProject "TODOEY NEW" */ = {
			isa = XCConfigurationList;
			buildConfigurations = (
				588B169D24E518DB009943CE /* Debug */,
				588B169E24E518DB009943CE /* Release */,
			);
			defaultConfigurationIsVisible = 0;
			defaultConfigurationName = Release;
		};
		588B169F24E518DB009943CE /* Build configuration list for PBXNativeTarget "TODOEY NEW" */ = {
			isa = XCConfigurationList;
			buildConfigurations = (
				588B16A024E518DB009943CE /* Debug */,
				588B16A124E518DB009943CE /* Release */,
			);
			defaultConfigurationIsVisible = 0;
			defaultConfigurationName = Release;
		};
/* End XCConfigurationList section */
	};
	rootObject = 588B168524E518D6009943CE /* Project object */;
}
